
Microsoft Visual Studio Solution File, Format Version 12.00
# Visual Studio 15
VisualStudioVersion = 15.0.28307.168
MinimumVisualStudioVersion = 10.0.40219.1
Project("{9A19103F-16F7-4668-BE54-9A1E7A4F7556}") = "GerberWriter", "GerberWriter\GerberWriter.csproj", "{6ED32C50-44D1-482F-AA55-45ADA544BB0E}"
EndProject
Project("{FAE04EC0-301F-11D3-BF4B-00C04F79EFBC}") = "GerberWriter.CodewheelGenerator", "GerberWriter.CodewheelGenerator\GerberWriter.CodewheelGenerator.csproj", "{BC75B015-B63A-4E6D-8E23-BBBC40C7C02D}"
EndProject
Global
	GlobalSection(SolutionConfigurationPlatforms) = preSolution
		Debug|Any CPU = Debug|Any CPU
		Release|Any CPU = Release|Any CPU
	EndGlobalSection
	GlobalSection(ProjectConfigurationPlatforms) = postSolution
		{6ED32C50-44D1-482F-AA55-45ADA544BB0E}.Debug|Any CPU.ActiveCfg = Debug|Any CPU
		{6ED32C50-44D1-482F-AA55-45ADA544BB0E}.Debug|Any CPU.Build.0 = Debug|Any CPU
		{6ED32C50-44D1-482F-AA55-45ADA544BB0E}.Release|Any CPU.ActiveCfg = Release|Any CPU
		{6ED32C50-44D1-482F-AA55-45ADA544BB0E}.Release|Any CPU.Build.0 = Release|Any CPU
		{BC75B015-B63A-4E6D-8E23-BBBC40C7C02D}.Debug|Any CPU.ActiveCfg = Debug|Any CPU
		{BC75B015-B63A-4E6D-8E23-BBBC40C7C02D}.Debug|Any CPU.Build.0 = Debug|Any CPU
		{BC75B015-B63A-4E6D-8E23-BBBC40C7C02D}.Release|Any CPU.ActiveCfg = Release|Any CPU
		{BC75B015-B63A-4E6D-8E23-BBBC40C7C02D}.Release|Any CPU.Build.0 = Release|Any CPU
	EndGlobalSection
	GlobalSection(SolutionProperties) = preSolution
		HideSolutionNode = FALSE
	EndGlobalSection
	GlobalSection(ExtensibilityGlobals) = postSolution
		SolutionGuid = {FDACB6AC-19AD-4251-8089-F2C53B00027A}
	EndGlobalSection
EndGlobal
